
Microsoft Visual Studio Solution File, Format Version 12.00
# Visual Studio Express 15 for Windows Desktop
VisualStudioVersion = 15.0.28307.1259
MinimumVisualStudioVersion = 10.0.40219.1
Project("{FAE04EC0-301F-11D3-BF4B-00C04F79EFBC}") = "AdarshRajaram_Hegde_Assignment2_MS806", "AdarshRajaram_Hegde_Assignment2_MS806\AdarshRajaram_Hegde_Assignment2_MS806.csproj", "{A951453B-52D5-49A9-855B-0E895FAB2FCF}"
EndProject
Global
	GlobalSection(SolutionConfigurationPlatforms) = preSolution
		Debug|Any CPU = Debug|Any CPU
		Release|Any CPU = Release|Any CPU
	EndGlobalSection
	GlobalSection(ProjectConfigurationPlatforms) = postSolution
		{A951453B-52D5-49A9-855B-0E895FAB2FCF}.Debug|Any CPU.ActiveCfg = Debug|Any CPU
		{A951453B-52D5-49A9-855B-0E895FAB2FCF}.Debug|Any CPU.Build.0 = Debug|Any CPU
		{A951453B-52D5-49A9-855B-0E895FAB2FCF}.Release|Any CPU.ActiveCfg = Release|Any CPU
		{A951453B-52D5-49A9-855B-0E895FAB2FCF}.Release|Any CPU.Build.0 = Release|Any CPU
	EndGlobalSection
	GlobalSection(SolutionProperties) = preSolution
		HideSolutionNode = FALSE
	EndGlobalSection
	GlobalSection(ExtensibilityGlobals) = postSolution
		SolutionGuid = {186F0871-1865-45CF-ADC9-3FCEC783D6E3}
	EndGlobalSection
EndGlobal
